// !$*UTF8*$!
{
	archiveVersion = 1;
	classes = {
	};
	objectVersion = 50;
	objects = {

/* Begin PBXBuildFile section */
		31D4E21A221E93ED00586909 /* AppDelegate.swift in Sources */ = {isa = PBXBuildFile; fileRef = 31D4E219221E93ED00586909 /* AppDelegate.swift */; };
		31D4E21F221E93ED00586909 /* Main.storyboard in Resources */ = {isa = PBXBuildFile; fileRef = 31D4E21D221E93ED00586909 /* Main.storyboard */; };
		31D4E221221E93EE00586909 /* Assets.xcassets in Resources */ = {isa = PBXBuildFile; fileRef = 31D4E220221E93EE00586909 /* Assets.xcassets */; };
		31D4E224221E93EE00586909 /* LaunchScreen.storyboard in Resources */ = {isa = PBXBuildFile; fileRef = 31D4E222221E93EE00586909 /* LaunchScreen.storyboard */; };
		31D4E22F221E93EE00586909 /* DSSkyTests.swift in Sources */ = {isa = PBXBuildFile; fileRef = 31D4E22E221E93EE00586909 /* DSSkyTests.swift */; };
		31D4E23A221E93EE00586909 /* DSSkyUITests.swift in Sources */ = {isa = PBXBuildFile; fileRef = 31D4E239221E93EE00586909 /* DSSkyUITests.swift */; };
		31D4E24C221E94B800586909 /* Config.swift in Sources */ = {isa = PBXBuildFile; fileRef = 31D4E24B221E94B800586909 /* Config.swift */; };
		31D4E253221E965200586909 /* Double+Extension.swift in Sources */ = {isa = PBXBuildFile; fileRef = 31D4E252221E965200586909 /* Double+Extension.swift */; };
		31D4E255221E969300586909 /* UIImage+Extension.swift in Sources */ = {isa = PBXBuildFile; fileRef = 31D4E254221E969300586909 /* UIImage+Extension.swift */; };
		31D4E257221E96F300586909 /* CLLocation+Extension.swift in Sources */ = {isa = PBXBuildFile; fileRef = 31D4E256221E96F300586909 /* CLLocation+Extension.swift */; };
		31D4E25A221E97F800586909 /* NetworkTool.swift in Sources */ = {isa = PBXBuildFile; fileRef = 31D4E259221E97F800586909 /* NetworkTool.swift */; };
		31D4E25C221E989200586909 /* NetURLSessionProtocol.swift in Sources */ = {isa = PBXBuildFile; fileRef = 31D4E25B221E989200586909 /* NetURLSessionProtocol.swift */; };
		31D4E25E221E98FD00586909 /* NetURLSessionDataTaskProtocol.swift in Sources */ = {isa = PBXBuildFile; fileRef = 31D4E25D221E98FD00586909 /* NetURLSessionDataTaskProtocol.swift */; };
		31D4E260221E9F1C00586909 /* URLSession+Extension.swift in Sources */ = {isa = PBXBuildFile; fileRef = 31D4E25F221E9F1C00586909 /* URLSession+Extension.swift */; };
		31D4E262221E9F9100586909 /* URLSessionDataTask+Extension.swift in Sources */ = {isa = PBXBuildFile; fileRef = 31D4E261221E9F9100586909 /* URLSessionDataTask+Extension.swift */; };
		31D4E265221EA06100586909 /* WeatherModel.swift in Sources */ = {isa = PBXBuildFile; fileRef = 31D4E264221EA06100586909 /* WeatherModel.swift */; };
		31D4E267221EA0C300586909 /* ForecastModel.swift in Sources */ = {isa = PBXBuildFile; fileRef = 31D4E266221EA0C300586909 /* ForecastModel.swift */; };
		31D4E26A221EA36A00586909 /* WeatherViewController.swift in Sources */ = {isa = PBXBuildFile; fileRef = 31D4E269221EA36A00586909 /* WeatherViewController.swift */; };
/* End PBXBuildFile section */

/* Begin PBXContainerItemProxy section */
		31D4E22B221E93EE00586909 /* PBXContainerItemProxy */ = {
			isa = PBXContainerItemProxy;
			containerPortal = 31D4E20E221E93ED00586909 /* Project object */;
			proxyType = 1;
			remoteGlobalIDString = 31D4E215221E93ED00586909;
			remoteInfo = DSSky;
		};
		31D4E236221E93EE00586909 /* PBXContainerItemProxy */ = {
			isa = PBXContainerItemProxy;
			containerPortal = 31D4E20E221E93ED00586909 /* Project object */;
			proxyType = 1;
			remoteGlobalIDString = 31D4E215221E93ED00586909;
			remoteInfo = DSSky;
		};
/* End PBXContainerItemProxy section */

/* Begin PBXFileReference section */
		31D4E216221E93ED00586909 /* DSSky.app */ = {isa = PBXFileReference; explicitFileType = wrapper.application; includeInIndex = 0; path = DSSky.app; sourceTree = BUILT_PRODUCTS_DIR; };
		31D4E219221E93ED00586909 /* AppDelegate.swift */ = {isa = PBXFileReference; lastKnownFileType = sourcecode.swift; path = AppDelegate.swift; sourceTree = "<group>"; };
		31D4E21E221E93ED00586909 /* Base */ = {isa = PBXFileReference; lastKnownFileType = file.storyboard; name = Base; path = Base.lproj/Main.storyboard; sourceTree = "<group>"; };
		31D4E220221E93EE00586909 /* Assets.xcassets */ = {isa = PBXFileReference; lastKnownFileType = folder.assetcatalog; path = Assets.xcassets; sourceTree = "<group>"; };
		31D4E223221E93EE00586909 /* Base */ = {isa = PBXFileReference; lastKnownFileType = file.storyboard; name = Base; path = Base.lproj/LaunchScreen.storyboard; sourceTree = "<group>"; };
		31D4E225221E93EE00586909 /* Info.plist */ = {isa = PBXFileReference; lastKnownFileType = text.plist.xml; path = Info.plist; sourceTree = "<group>"; };
		31D4E22A221E93EE00586909 /* DSSkyTests.xctest */ = {isa = PBXFileReference; explicitFileType = wrapper.cfbundle; includeInIndex = 0; path = DSSkyTests.xctest; sourceTree = BUILT_PRODUCTS_DIR; };
		31D4E22E221E93EE00586909 /* DSSkyTests.swift */ = {isa = PBXFileReference; lastKnownFileType = sourcecode.swift; path = DSSkyTests.swift; sourceTree = "<group>"; };
		31D4E230221E93EE00586909 /* Info.plist */ = {isa = PBXFileReference; lastKnownFileType = text.plist.xml; path = Info.plist; sourceTree = "<group>"; };
		31D4E235221E93EE00586909 /* DSSkyUITests.xctest */ = {isa = PBXFileReference; explicitFileType = wrapper.cfbundle; includeInIndex = 0; path = DSSkyUITests.xctest; sourceTree = BUILT_PRODUCTS_DIR; };
		31D4E239221E93EE00586909 /* DSSkyUITests.swift */ = {isa = PBXFileReference; lastKnownFileType = sourcecode.swift; path = DSSkyUITests.swift; sourceTree = "<group>"; };
		31D4E23B221E93EE00586909 /* Info.plist */ = {isa = PBXFileReference; lastKnownFileType = text.plist.xml; path = Info.plist; sourceTree = "<group>"; };
		31D4E24B221E94B800586909 /* Config.swift */ = {isa = PBXFileReference; lastKnownFileType = sourcecode.swift; path = Config.swift; sourceTree = "<group>"; };
		31D4E252221E965200586909 /* Double+Extension.swift */ = {isa = PBXFileReference; lastKnownFileType = sourcecode.swift; path = "Double+Extension.swift"; sourceTree = "<group>"; };
		31D4E254221E969300586909 /* UIImage+Extension.swift */ = {isa = PBXFileReference; lastKnownFileType = sourcecode.swift; path = "UIImage+Extension.swift"; sourceTree = "<group>"; };
		31D4E256221E96F300586909 /* CLLocation+Extension.swift */ = {isa = PBXFileReference; lastKnownFileType = sourcecode.swift; path = "CLLocation+Extension.swift"; sourceTree = "<group>"; };
		31D4E259221E97F800586909 /* NetworkTool.swift */ = {isa = PBXFileReference; lastKnownFileType = sourcecode.swift; path = NetworkTool.swift; sourceTree = "<group>"; };
		31D4E25B221E989200586909 /* NetURLSessionProtocol.swift */ = {isa = PBXFileReference; lastKnownFileType = sourcecode.swift; path = NetURLSessionProtocol.swift; sourceTree = "<group>"; };
		31D4E25D221E98FD00586909 /* NetURLSessionDataTaskProtocol.swift */ = {isa = PBXFileReference; lastKnownFileType = sourcecode.swift; path = NetURLSessionDataTaskProtocol.swift; sourceTree = "<group>"; };
		31D4E25F221E9F1C00586909 /* URLSession+Extension.swift */ = {isa = PBXFileReference; lastKnownFileType = sourcecode.swift; path = "URLSession+Extension.swift"; sourceTree = "<group>"; };
		31D4E261221E9F9100586909 /* URLSessionDataTask+Extension.swift */ = {isa = PBXFileReference; lastKnownFileType = sourcecode.swift; path = "URLSessionDataTask+Extension.swift"; sourceTree = "<group>"; };
		31D4E264221EA06100586909 /* WeatherModel.swift */ = {isa = PBXFileReference; lastKnownFileType = sourcecode.swift; path = WeatherModel.swift; sourceTree = "<group>"; };
		31D4E266221EA0C300586909 /* ForecastModel.swift */ = {isa = PBXFileReference; lastKnownFileType = sourcecode.swift; path = ForecastModel.swift; sourceTree = "<group>"; };
		31D4E269221EA36A00586909 /* WeatherViewController.swift */ = {isa = PBXFileReference; lastKnownFileType = sourcecode.swift; path = WeatherViewController.swift; sourceTree = "<group>"; };
/* End PBXFileReference section */

/* Begin PBXFrameworksBuildPhase section */
		31D4E213221E93ED00586909 /* Frameworks */ = {
			isa = PBXFrameworksBuildPhase;
			buildActionMask = 2147483647;
			files = (
			);
			runOnlyForDeploymentPostprocessing = 0;
		};
		31D4E227221E93EE00586909 /* Frameworks */ = {
			isa = PBXFrameworksBuildPhase;
			buildActionMask = 2147483647;
			files = (
			);
			runOnlyForDeploymentPostprocessing = 0;
		};
		31D4E232221E93EE00586909 /* Frameworks */ = {
			isa = PBXFrameworksBuildPhase;
			buildActionMask = 2147483647;
			files = (
			);
			runOnlyForDeploymentPostprocessing = 0;
		};
/* End PBXFrameworksBuildPhase section */

/* Begin PBXGroup section */
		31D4E20D221E93ED00586909 = {
			isa = PBXGroup;
			children = (
				31D4E218221E93ED00586909 /* DSSky */,
				31D4E22D221E93EE00586909 /* DSSkyTests */,
				31D4E238221E93EE00586909 /* DSSkyUITests */,
				31D4E217221E93ED00586909 /* Products */,
			);
			sourceTree = "<group>";
		};
		31D4E217221E93ED00586909 /* Products */ = {
			isa = PBXGroup;
			children = (
				31D4E216221E93ED00586909 /* DSSky.app */,
				31D4E22A221E93EE00586909 /* DSSkyTests.xctest */,
				31D4E235221E93EE00586909 /* DSSkyUITests.xctest */,
			);
			name = Products;
			sourceTree = "<group>";
		};
		31D4E218221E93ED00586909 /* DSSky */ = {
			isa = PBXGroup;
			children = (
				31D4E219221E93ED00586909 /* AppDelegate.swift */,
				31D4E247221E941D00586909 /* Classes */,
				31D4E21D221E93ED00586909 /* Main.storyboard */,
				31D4E220221E93EE00586909 /* Assets.xcassets */,
				31D4E222221E93EE00586909 /* LaunchScreen.storyboard */,
				31D4E225221E93EE00586909 /* Info.plist */,
			);
			path = DSSky;
			sourceTree = "<group>";
		};
		31D4E22D221E93EE00586909 /* DSSkyTests */ = {
			isa = PBXGroup;
			children = (
				31D4E22E221E93EE00586909 /* DSSkyTests.swift */,
				31D4E230221E93EE00586909 /* Info.plist */,
			);
			path = DSSkyTests;
			sourceTree = "<group>";
		};
		31D4E238221E93EE00586909 /* DSSkyUITests */ = {
			isa = PBXGroup;
			children = (
				31D4E239221E93EE00586909 /* DSSkyUITests.swift */,
				31D4E23B221E93EE00586909 /* Info.plist */,
			);
			path = DSSkyUITests;
			sourceTree = "<group>";
		};
		31D4E247221E941D00586909 /* Classes */ = {
			isa = PBXGroup;
			children = (
				31D4E248221E943300586909 /* Main */,
				31D4E249221E945A00586909 /* Expand */,
			);
			path = Classes;
			sourceTree = "<group>";
		};
		31D4E248221E943300586909 /* Main */ = {
			isa = PBXGroup;
			children = (
				31D4E24D221E956600586909 /* Weather */,
			);
			path = Main;
			sourceTree = "<group>";
		};
		31D4E249221E945A00586909 /* Expand */ = {
			isa = PBXGroup;
			children = (
				31D4E251221E962D00586909 /* Library */,
				31D4E250221E962000586909 /* Tools */,
				31D4E24F221E961400586909 /* Resources */,
				31D4E24E221E960800586909 /* Extensions */,
				31D4E24A221E949400586909 /* Config */,
			);
			path = Expand;
			sourceTree = "<group>";
		};
		31D4E24A221E949400586909 /* Config */ = {
			isa = PBXGroup;
			children = (
				31D4E24B221E94B800586909 /* Config.swift */,
			);
			path = Config;
			sourceTree = "<group>";
		};
		31D4E24D221E956600586909 /* Weather */ = {
			isa = PBXGroup;
			children = (
				31D4E268221EA33500586909 /* Controllers */,
				31D4E263221EA04B00586909 /* Model */,
			);
			path = Weather;
			sourceTree = "<group>";
		};
		31D4E24E221E960800586909 /* Extensions */ = {
			isa = PBXGroup;
			children = (
				31D4E252221E965200586909 /* Double+Extension.swift */,
				31D4E254221E969300586909 /* UIImage+Extension.swift */,
				31D4E256221E96F300586909 /* CLLocation+Extension.swift */,
			);
			path = Extensions;
			sourceTree = "<group>";
		};
		31D4E24F221E961400586909 /* Resources */ = {
			isa = PBXGroup;
			children = (
			);
			path = Resources;
			sourceTree = "<group>";
		};
		31D4E250221E962000586909 /* Tools */ = {
			isa = PBXGroup;
			children = (
				31D4E258221E97A600586909 /* Net */,
			);
			path = Tools;
			sourceTree = "<group>";
		};
		31D4E251221E962D00586909 /* Library */ = {
			isa = PBXGroup;
			children = (
			);
			path = Library;
			sourceTree = "<group>";
		};
		31D4E258221E97A600586909 /* Net */ = {
			isa = PBXGroup;
			children = (
				31D4E259221E97F800586909 /* NetworkTool.swift */,
				31D4E25B221E989200586909 /* NetURLSessionProtocol.swift */,
				31D4E25D221E98FD00586909 /* NetURLSessionDataTaskProtocol.swift */,
				31D4E25F221E9F1C00586909 /* URLSession+Extension.swift */,
				31D4E261221E9F9100586909 /* URLSessionDataTask+Extension.swift */,
			);
			path = Net;
			sourceTree = "<group>";
		};
		31D4E263221EA04B00586909 /* Model */ = {
			isa = PBXGroup;
			children = (
				31D4E264221EA06100586909 /* WeatherModel.swift */,
				31D4E266221EA0C300586909 /* ForecastModel.swift */,
			);
			path = Model;
			sourceTree = "<group>";
		};
		31D4E268221EA33500586909 /* Controllers */ = {
			isa = PBXGroup;
			children = (
				31D4E269221EA36A00586909 /* WeatherViewController.swift */,
			);
			path = Controllers;
			sourceTree = "<group>";
		};
/* End PBXGroup section */

/* Begin PBXNativeTarget section */
		31D4E215221E93ED00586909 /* DSSky */ = {
			isa = PBXNativeTarget;
			buildConfigurationList = 31D4E23E221E93EE00586909 /* Build configuration list for PBXNativeTarget "DSSky" */;
			buildPhases = (
				31D4E212221E93ED00586909 /* Sources */,
				31D4E213221E93ED00586909 /* Frameworks */,
				31D4E214221E93ED00586909 /* Resources */,
			);
			buildRules = (
			);
			dependencies = (
			);
			name = DSSky;
			productName = DSSky;
			productReference = 31D4E216221E93ED00586909 /* DSSky.app */;
			productType = "com.apple.product-type.application";
		};
		31D4E229221E93EE00586909 /* DSSkyTests */ = {
			isa = PBXNativeTarget;
			buildConfigurationList = 31D4E241221E93EE00586909 /* Build configuration list for PBXNativeTarget "DSSkyTests" */;
			buildPhases = (
				31D4E226221E93EE00586909 /* Sources */,
				31D4E227221E93EE00586909 /* Frameworks */,
				31D4E228221E93EE00586909 /* Resources */,
			);
			buildRules = (
			);
			dependencies = (
				31D4E22C221E93EE00586909 /* PBXTargetDependency */,
			);
			name = DSSkyTests;
			productName = DSSkyTests;
			productReference = 31D4E22A221E93EE00586909 /* DSSkyTests.xctest */;
			productType = "com.apple.product-type.bundle.unit-test";
		};
		31D4E234221E93EE00586909 /* DSSkyUITests */ = {
			isa = PBXNativeTarget;
			buildConfigurationList = 31D4E244221E93EE00586909 /* Build configuration list for PBXNativeTarget "DSSkyUITests" */;
			buildPhases = (
				31D4E231221E93EE00586909 /* Sources */,
				31D4E232221E93EE00586909 /* Frameworks */,
				31D4E233221E93EE00586909 /* Resources */,
			);
			buildRules = (
			);
			dependencies = (
				31D4E237221E93EE00586909 /* PBXTargetDependency */,
			);
			name = DSSkyUITests;
			productName = DSSkyUITests;
			productReference = 31D4E235221E93EE00586909 /* DSSkyUITests.xctest */;
			productType = "com.apple.product-type.bundle.ui-testing";
		};
/* End PBXNativeTarget section */

/* Begin PBXProject section */
		31D4E20E221E93ED00586909 /* Project object */ = {
			isa = PBXProject;
			attributes = {
				LastSwiftUpdateCheck = 1010;
				LastUpgradeCheck = 1010;
				ORGANIZATIONNAME = "左得胜";
				TargetAttributes = {
					31D4E215221E93ED00586909 = {
						CreatedOnToolsVersion = 10.1;
					};
					31D4E229221E93EE00586909 = {
						CreatedOnToolsVersion = 10.1;
						TestTargetID = 31D4E215221E93ED00586909;
					};
					31D4E234221E93EE00586909 = {
						CreatedOnToolsVersion = 10.1;
						TestTargetID = 31D4E215221E93ED00586909;
					};
				};
			};
			buildConfigurationList = 31D4E211221E93ED00586909 /* Build configuration list for PBXProject "DSSky" */;
			compatibilityVersion = "Xcode 9.3";
			developmentRegion = en;
			hasScannedForEncodings = 0;
			knownRegions = (
				en,
				Base,
			);
			mainGroup = 31D4E20D221E93ED00586909;
			productRefGroup = 31D4E217221E93ED00586909 /* Products */;
			projectDirPath = "";
			projectRoot = "";
			targets = (
				31D4E215221E93ED00586909 /* DSSky */,
				31D4E229221E93EE00586909 /* DSSkyTests */,
				31D4E234221E93EE00586909 /* DSSkyUITests */,
			);
		};
/* End PBXProject section */

/* Begin PBXResourcesBuildPhase section */
		31D4E214221E93ED00586909 /* Resources */ = {
			isa = PBXResourcesBuildPhase;
			buildActionMask = 2147483647;
			files = (
				31D4E224221E93EE00586909 /* LaunchScreen.storyboard in Resources */,
				31D4E221221E93EE00586909 /* Assets.xcassets in Resources */,
				31D4E21F221E93ED00586909 /* Main.storyboard in Resources */,
			);
			runOnlyForDeploymentPostprocessing = 0;
		};
		31D4E228221E93EE00586909 /* Resources */ = {
			isa = PBXResourcesBuildPhase;
			buildActionMask = 2147483647;
			files = (
			);
			runOnlyForDeploymentPostprocessing = 0;
		};
		31D4E233221E93EE00586909 /* Resources */ = {
			isa = PBXResourcesBuildPhase;
			buildActionMask = 2147483647;
			files = (
			);
			runOnlyForDeploymentPostprocessing = 0;
		};
/* End PBXResourcesBuildPhase section */

/* Begin PBXSourcesBuildPhase section */
		31D4E212221E93ED00586909 /* Sources */ = {
			isa = PBXSourcesBuildPhase;
			buildActionMask = 2147483647;
			files = (
				31D4E253221E965200586909 /* Double+Extension.swift in Sources */,
				31D4E267221EA0C300586909 /* ForecastModel.swift in Sources */,
				31D4E257221E96F300586909 /* CLLocation+Extension.swift in Sources */,
				31D4E25E221E98FD00586909 /* NetURLSessionDataTaskProtocol.swift in Sources */,
				31D4E25A221E97F800586909 /* NetworkTool.swift in Sources */,
				31D4E25C221E989200586909 /* NetURLSessionProtocol.swift in Sources */,
				31D4E260221E9F1C00586909 /* URLSession+Extension.swift in Sources */,
				31D4E255221E969300586909 /* UIImage+Extension.swift in Sources */,
				31D4E21A221E93ED00586909 /* AppDelegate.swift in Sources */,
				31D4E262221E9F9100586909 /* URLSessionDataTask+Extension.swift in Sources */,
				31D4E26A221EA36A00586909 /* WeatherViewController.swift in Sources */,
				31D4E265221EA06100586909 /* WeatherModel.swift in Sources */,
				31D4E24C221E94B800586909 /* Config.swift in Sources */,
			);
			runOnlyForDeploymentPostprocessing = 0;
		};
		31D4E226221E93EE00586909 /* Sources */ = {
			isa = PBXSourcesBuildPhase;
			buildActionMask = 2147483647;
			files = (
				31D4E22F221E93EE00586909 /* DSSkyTests.swift in Sources */,
			);
			runOnlyForDeploymentPostprocessing = 0;
		};
		31D4E231221E93EE00586909 /* Sources */ = {
			isa = PBXSourcesBuildPhase;
			buildActionMask = 2147483647;
			files = (
				31D4E23A221E93EE00586909 /* DSSkyUITests.swift in Sources */,
			);
			runOnlyForDeploymentPostprocessing = 0;
		};
/* End PBXSourcesBuildPhase section */

/* Begin PBXTargetDependency section */
		31D4E22C221E93EE00586909 /* PBXTargetDependency */ = {
			isa = PBXTargetDependency;
			target = 31D4E215221E93ED00586909 /* DSSky */;
			targetProxy = 31D4E22B221E93EE00586909 /* PBXContainerItemProxy */;
		};
		31D4E237221E93EE00586909 /* PBXTargetDependency */ = {
			isa = PBXTargetDependency;
			target = 31D4E215221E93ED00586909 /* DSSky */;
			targetProxy = 31D4E236221E93EE00586909 /* PBXContainerItemProxy */;
		};
/* End PBXTargetDependency section */

/* Begin PBXVariantGroup section */
		31D4E21D221E93ED00586909 /* Main.storyboard */ = {
			isa = PBXVariantGroup;
			children = (
				31D4E21E221E93ED00586909 /* Base */,
			);
			name = Main.storyboard;
			sourceTree = "<group>";
		};
		31D4E222221E93EE00586909 /* LaunchScreen.storyboard */ = {
			isa = PBXVariantGroup;
			children = (
				31D4E223221E93EE00586909 /* Base */,
			);
			name = LaunchScreen.storyboard;
			sourceTree = "<group>";
		};
/* End PBXVariantGroup section */

/* Begin XCBuildConfiguration section */
		31D4E23C221E93EE00586909 /* Debug */ = {
			isa = XCBuildConfiguration;
			buildSettings = {
				ALWAYS_SEARCH_USER_PATHS = NO;
				CLANG_ANALYZER_NONNULL = YES;
				CLANG_ANALYZER_NUMBER_OBJECT_CONVERSION = YES_AGGRESSIVE;
				CLANG_CXX_LANGUAGE_STANDARD = "gnu++14";
				CLANG_CXX_LIBRARY = "libc++";
				CLANG_ENABLE_MODULES = YES;
				CLANG_ENABLE_OBJC_ARC = YES;
				CLANG_ENABLE_OBJC_WEAK = YES;
				CLANG_WARN_BLOCK_CAPTURE_AUTORELEASING = YES;
				CLANG_WARN_BOOL_CONVERSION = YES;
				CLANG_WARN_COMMA = YES;
				CLANG_WARN_CONSTANT_CONVERSION = YES;
				CLANG_WARN_DEPRECATED_OBJC_IMPLEMENTATIONS = YES;
				CLANG_WARN_DIRECT_OBJC_ISA_USAGE = YES_ERROR;
				CLANG_WARN_DOCUMENTATION_COMMENTS = YES;
				CLANG_WARN_EMPTY_BODY = YES;
				CLANG_WARN_ENUM_CONVERSION = YES;
				CLANG_WARN_INFINITE_RECURSION = YES;
				CLANG_WARN_INT_CONVERSION = YES;
				CLANG_WARN_NON_LITERAL_NULL_CONVERSION = YES;
				CLANG_WARN_OBJC_IMPLICIT_RETAIN_SELF = YES;
				CLANG_WARN_OBJC_LITERAL_CONVERSION = YES;
				CLANG_WARN_OBJC_ROOT_CLASS = YES_ERROR;
				CLANG_WARN_RANGE_LOOP_ANALYSIS = YES;
				CLANG_WARN_STRICT_PROTOTYPES = YES;
				CLANG_WARN_SUSPICIOUS_MOVE = YES;
				CLANG_WARN_UNGUARDED_AVAILABILITY = YES_AGGRESSIVE;
				CLANG_WARN_UNREACHABLE_CODE = YES;
				CLANG_WARN__DUPLICATE_METHOD_MATCH = YES;
				CODE_SIGN_IDENTITY = "iPhone Developer";
				COPY_PHASE_STRIP = NO;
				DEBUG_INFORMATION_FORMAT = dwarf;
				ENABLE_STRICT_OBJC_MSGSEND = YES;
				ENABLE_TESTABILITY = YES;
				GCC_C_LANGUAGE_STANDARD = gnu11;
				GCC_DYNAMIC_NO_PIC = NO;
				GCC_NO_COMMON_BLOCKS = YES;
				GCC_OPTIMIZATION_LEVEL = 0;
				GCC_PREPROCESSOR_DEFINITIONS = (
					"DEBUG=1",
					"$(inherited)",
				);
				GCC_WARN_64_TO_32_BIT_CONVERSION = YES;
				GCC_WARN_ABOUT_RETURN_TYPE = YES_ERROR;
				GCC_WARN_UNDECLARED_SELECTOR = YES;
				GCC_WARN_UNINITIALIZED_AUTOS = YES_AGGRESSIVE;
				GCC_WARN_UNUSED_FUNCTION = YES;
				GCC_WARN_UNUSED_VARIABLE = YES;
				IPHONEOS_DEPLOYMENT_TARGET = 9.0;
				MTL_ENABLE_DEBUG_INFO = INCLUDE_SOURCE;
				MTL_FAST_MATH = YES;
				ONLY_ACTIVE_ARCH = YES;
				SDKROOT = iphoneos;
				SWIFT_ACTIVE_COMPILATION_CONDITIONS = DEBUG;
				SWIFT_OPTIMIZATION_LEVEL = "-Onone";
			};
			name = Debug;
		};
		31D4E23D221E93EE00586909 /* Release */ = {
			isa = XCBuildConfiguration;
			buildSettings = {
				ALWAYS_SEARCH_USER_PATHS = NO;
				CLANG_ANALYZER_NONNULL = YES;
				CLANG_ANALYZER_NUMBER_OBJECT_CONVERSION = YES_AGGRESSIVE;
				CLANG_CXX_LANGUAGE_STANDARD = "gnu++14";
				CLANG_CXX_LIBRARY = "libc++";
				CLANG_ENABLE_MODULES = YES;
				CLANG_ENABLE_OBJC_ARC = YES;
				CLANG_ENABLE_OBJC_WEAK = YES;
				CLANG_WARN_BLOCK_CAPTURE_AUTORELEASING = YES;
				CLANG_WARN_BOOL_CONVERSION = YES;
				CLANG_WARN_COMMA = YES;
				CLANG_WARN_CONSTANT_CONVERSION = YES;
				CLANG_WARN_DEPRECATED_OBJC_IMPLEMENTATIONS = YES;
				CLANG_WARN_DIRECT_OBJC_ISA_USAGE = YES_ERROR;
				CLANG_WARN_DOCUMENTATION_COMMENTS = YES;
				CLANG_WARN_EMPTY_BODY = YES;
				CLANG_WARN_ENUM_CONVERSION = YES;
				CLANG_WARN_INFINITE_RECURSION = YES;
				CLANG_WARN_INT_CONVERSION = YES;
				CLANG_WARN_NON_LITERAL_NULL_CONVERSION = YES;
				CLANG_WARN_OBJC_IMPLICIT_RETAIN_SELF = YES;
				CLANG_WARN_OBJC_LITERAL_CONVERSION = YES;
				CLANG_WARN_OBJC_ROOT_CLASS = YES_ERROR;
				CLANG_WARN_RANGE_LOOP_ANALYSIS = YES;
				CLANG_WARN_STRICT_PROTOTYPES = YES;
				CLANG_WARN_SUSPICIOUS_MOVE = YES;
				CLANG_WARN_UNGUARDED_AVAILABILITY = YES_AGGRESSIVE;
				CLANG_WARN_UNREACHABLE_CODE = YES;
				CLANG_WARN__DUPLICATE_METHOD_MATCH = YES;
				CODE_SIGN_IDENTITY = "iPhone Developer";
				COPY_PHASE_STRIP = NO;
				DEBUG_INFORMATION_FORMAT = "dwarf-with-dsym";
				ENABLE_NS_ASSERTIONS = NO;
				ENABLE_STRICT_OBJC_MSGSEND = YES;
				GCC_C_LANGUAGE_STANDARD = gnu11;
				GCC_NO_COMMON_BLOCKS = YES;
				GCC_WARN_64_TO_32_BIT_CONVERSION = YES;
				GCC_WARN_ABOUT_RETURN_TYPE = YES_ERROR;
				GCC_WARN_UNDECLARED_SELECTOR = YES;
				GCC_WARN_UNINITIALIZED_AUTOS = YES_AGGRESSIVE;
				GCC_WARN_UNUSED_FUNCTION = YES;
				GCC_WARN_UNUSED_VARIABLE = YES;
				IPHONEOS_DEPLOYMENT_TARGET = 9.0;
				MTL_ENABLE_DEBUG_INFO = NO;
				MTL_FAST_MATH = YES;
				SDKROOT = iphoneos;
				SWIFT_COMPILATION_MODE = wholemodule;
				SWIFT_OPTIMIZATION_LEVEL = "-O";
				VALIDATE_PRODUCT = YES;
			};
			name = Release;
		};
		31D4E23F221E93EE00586909 /* Debug */ = {
			isa = XCBuildConfiguration;
			buildSettings = {
				ASSETCATALOG_COMPILER_APPICON_NAME = AppIcon;
				CODE_SIGN_STYLE = Automatic;
				DEVELOPMENT_TEAM = 6CT8FYEK5B;
				INFOPLIST_FILE = DSSky/Info.plist;
				LD_RUNPATH_SEARCH_PATHS = (
					"$(inherited)",
					"@executable_path/Frameworks",
				);
				PRODUCT_BUNDLE_IDENTIFIER = com.qtds8810.DSSky;
				PRODUCT_NAME = "$(TARGET_NAME)";
				SWIFT_VERSION = 4.2;
				TARGETED_DEVICE_FAMILY = "1,2";
			};
			name = Debug;
		};
		31D4E240221E93EE00586909 /* Release */ = {
			isa = XCBuildConfiguration;
			buildSettings = {
				ASSETCATALOG_COMPILER_APPICON_NAME = AppIcon;
				CODE_SIGN_STYLE = Automatic;
				DEVELOPMENT_TEAM = 6CT8FYEK5B;
				INFOPLIST_FILE = DSSky/Info.plist;
				LD_RUNPATH_SEARCH_PATHS = (
					"$(inherited)",
					"@executable_path/Frameworks",
				);
				PRODUCT_BUNDLE_IDENTIFIER = com.qtds8810.DSSky;
				PRODUCT_NAME = "$(TARGET_NAME)";
				SWIFT_VERSION = 4.2;
				TARGETED_DEVICE_FAMILY = "1,2";
			};
			name = Release;
		};
		31D4E242221E93EE00586909 /* Debug */ = {
			isa = XCBuildConfiguration;
			buildSettings = {
				ALWAYS_EMBED_SWIFT_STANDARD_LIBRARIES = YES;
				BUNDLE_LOADER = "$(TEST_HOST)";
				CODE_SIGN_STYLE = Automatic;
				DEVELOPMENT_TEAM = 6CT8FYEK5B;
				INFOPLIST_FILE = DSSkyTests/Info.plist;
				LD_RUNPATH_SEARCH_PATHS = (
					"$(inherited)",
					"@executable_path/Frameworks",
					"@loader_path/Frameworks",
				);
				PRODUCT_BUNDLE_IDENTIFIER = com.qtds8810.DSSkyTests;
				PRODUCT_NAME = "$(TARGET_NAME)";
				SWIFT_VERSION = 4.2;
				TARGETED_DEVICE_FAMILY = "1,2";
				TEST_HOST = "$(BUILT_PRODUCTS_DIR)/DSSky.app/DSSky";
			};
			name = Debug;
		};
		31D4E243221E93EE00586909 /* Release */ = {
			isa = XCBuildConfiguration;
			buildSettings = {
				ALWAYS_EMBED_SWIFT_STANDARD_LIBRARIES = YES;
				BUNDLE_LOADER = "$(TEST_HOST)";
				CODE_SIGN_STYLE = Automatic;
				DEVELOPMENT_TEAM = 6CT8FYEK5B;
				INFOPLIST_FILE = DSSkyTests/Info.plist;
				LD_RUNPATH_SEARCH_PATHS = (
					"$(inherited)",
					"@executable_path/Frameworks",
					"@loader_path/Frameworks",
				);
				PRODUCT_BUNDLE_IDENTIFIER = com.qtds8810.DSSkyTests;
				PRODUCT_NAME = "$(TARGET_NAME)";
				SWIFT_VERSION = 4.2;
				TARGETED_DEVICE_FAMILY = "1,2";
				TEST_HOST = "$(BUILT_PRODUCTS_DIR)/DSSky.app/DSSky";
			};
			name = Release;
		};
		31D4E245221E93EE00586909 /* Debug */ = {
			isa = XCBuildConfiguration;
			buildSettings = {
				ALWAYS_EMBED_SWIFT_STANDARD_LIBRARIES = YES;
				CODE_SIGN_STYLE = Automatic;
				DEVELOPMENT_TEAM = 6CT8FYEK5B;
				INFOPLIST_FILE = DSSkyUITests/Info.plist;
				LD_RUNPATH_SEARCH_PATHS = (
					"$(inherited)",
					"@executable_path/Frameworks",
					"@loader_path/Frameworks",
				);
				PRODUCT_BUNDLE_IDENTIFIER = com.qtds8810.DSSkyUITests;
				PRODUCT_NAME = "$(TARGET_NAME)";
				SWIFT_VERSION = 4.2;
				TARGETED_DEVICE_FAMILY = "1,2";
				TEST_TARGET_NAME = DSSky;
			};
			name = Debug;
		};
		31D4E246221E93EE00586909 /* Release */ = {
			isa = XCBuildConfiguration;
			buildSettings = {
				ALWAYS_EMBED_SWIFT_STANDARD_LIBRARIES = YES;
				CODE_SIGN_STYLE = Automatic;
				DEVELOPMENT_TEAM = 6CT8FYEK5B;
				INFOPLIST_FILE = DSSkyUITests/Info.plist;
				LD_RUNPATH_SEARCH_PATHS = (
					"$(inherited)",
					"@executable_path/Frameworks",
					"@loader_path/Frameworks",
				);
				PRODUCT_BUNDLE_IDENTIFIER = com.qtds8810.DSSkyUITests;
				PRODUCT_NAME = "$(TARGET_NAME)";
				SWIFT_VERSION = 4.2;
				TARGETED_DEVICE_FAMILY = "1,2";
				TEST_TARGET_NAME = DSSky;
			};
			name = Release;
		};
/* End XCBuildConfiguration section */

/* Begin XCConfigurationList section */
		31D4E211221E93ED00586909 /* Build configuration list for PBXProject "DSSky" */ = {
			isa = XCConfigurationList;
			buildConfigurations = (
				31D4E23C221E93EE00586909 /* Debug */,
				31D4E23D221E93EE00586909 /* Release */,
			);
			defaultConfigurationIsVisible = 0;
			defaultConfigurationName = Release;
		};
		31D4E23E221E93EE00586909 /* Build configuration list for PBXNativeTarget "DSSky" */ = {
			isa = XCConfigurationList;
			buildConfigurations = (
				31D4E23F221E93EE00586909 /* Debug */,
				31D4E240221E93EE00586909 /* Release */,
			);
			defaultConfigurationIsVisible = 0;
			defaultConfigurationName = Release;
		};
		31D4E241221E93EE00586909 /* Build configuration list for PBXNativeTarget "DSSkyTests" */ = {
			isa = XCConfigurationList;
			buildConfigurations = (
				31D4E242221E93EE00586909 /* Debug */,
				31D4E243221E93EE00586909 /* Release */,
			);
			defaultConfigurationIsVisible = 0;
			defaultConfigurationName = Release;
		};
		31D4E244221E93EE00586909 /* Build configuration list for PBXNativeTarget "DSSkyUITests" */ = {
			isa = XCConfigurationList;
			buildConfigurations = (
				31D4E245221E93EE00586909 /* Debug */,
				31D4E246221E93EE00586909 /* Release */,
			);
			defaultConfigurationIsVisible = 0;
			defaultConfigurationName = Release;
		};
/* End XCConfigurationList section */
	};
	rootObject = 31D4E20E221E93ED00586909 /* Project object */;
}
